// !$*UTF8*$!
{
	archiveVersion = 1;
	classes = {
	};
	objectVersion = 50;
	objects = {

/* Begin PBXBuildFile section */
		479B0156E8B72B786138B833 /* Pods_flixter_flixterUITests.framework in Frameworks */ = {isa = PBXBuildFile; fileRef = 6F9F83038F3D0C7629E89575 /* Pods_flixter_flixterUITests.framework */; };
		6EFEB6316D9204E082A7F8A2 /* Pods_flixterTests.framework in Frameworks */ = {isa = PBXBuildFile; fileRef = 600B9FED99FECFB267E962BA /* Pods_flixterTests.framework */; };
		86DEA49CA89455EB6EC21BD6 /* Pods_flixter.framework in Frameworks */ = {isa = PBXBuildFile; fileRef = 556E3EC117297D7B26D2DBDB /* Pods_flixter.framework */; };
		D4971ED725CD0B1300F80173 /* AppDelegate.swift in Sources */ = {isa = PBXBuildFile; fileRef = D4971ED625CD0B1300F80173 /* AppDelegate.swift */; };
		D4971ED925CD0B1300F80173 /* SceneDelegate.swift in Sources */ = {isa = PBXBuildFile; fileRef = D4971ED825CD0B1300F80173 /* SceneDelegate.swift */; };
		D4971EDE25CD0B1300F80173 /* Main.storyboard in Resources */ = {isa = PBXBuildFile; fileRef = D4971EDC25CD0B1300F80173 /* Main.storyboard */; };
		D4971EE025CD0B1800F80173 /* Assets.xcassets in Resources */ = {isa = PBXBuildFile; fileRef = D4971EDF25CD0B1800F80173 /* Assets.xcassets */; };
		D4971EE325CD0B1800F80173 /* LaunchScreen.storyboard in Resources */ = {isa = PBXBuildFile; fileRef = D4971EE125CD0B1800F80173 /* LaunchScreen.storyboard */; };
		D4971EEE25CD0B1900F80173 /* flixterTests.swift in Sources */ = {isa = PBXBuildFile; fileRef = D4971EED25CD0B1900F80173 /* flixterTests.swift */; };
		D4971EF925CD0B1900F80173 /* flixterUITests.swift in Sources */ = {isa = PBXBuildFile; fileRef = D4971EF825CD0B1900F80173 /* flixterUITests.swift */; };
		D4971F0D25CD0E6700F80173 /* MoviesViewController.swift in Sources */ = {isa = PBXBuildFile; fileRef = D4971F0C25CD0E6700F80173 /* MoviesViewController.swift */; };
		D4971F1225CD1D1E00F80173 /* MovieCell.swift in Sources */ = {isa = PBXBuildFile; fileRef = D4971F1125CD1D1E00F80173 /* MovieCell.swift */; };
/* End PBXBuildFile section */

/* Begin PBXContainerItemProxy section */
		D4971EEA25CD0B1900F80173 /* PBXContainerItemProxy */ = {
			isa = PBXContainerItemProxy;
			containerPortal = D4971ECB25CD0B1300F80173 /* Project object */;
			proxyType = 1;
			remoteGlobalIDString = D4971ED225CD0B1300F80173;
			remoteInfo = flixter;
		};
		D4971EF525CD0B1900F80173 /* PBXContainerItemProxy */ = {
			isa = PBXContainerItemProxy;
			containerPortal = D4971ECB25CD0B1300F80173 /* Project object */;
			proxyType = 1;
			remoteGlobalIDString = D4971ED225CD0B1300F80173;
			remoteInfo = flixter;
		};
/* End PBXContainerItemProxy section */

/* Begin PBXFileReference section */
		13C8F53977EAAF424CD07AE4 /* Pods-flixter-flixterUITests.debug.xcconfig */ = {isa = PBXFileReference; includeInIndex = 1; lastKnownFileType = text.xcconfig; name = "Pods-flixter-flixterUITests.debug.xcconfig"; path = "Target Support Files/Pods-flixter-flixterUITests/Pods-flixter-flixterUITests.debug.xcconfig"; sourceTree = "<group>"; };
		1DDF792B81A6D20D3854A08B /* Pods-flixterTests.release.xcconfig */ = {isa = PBXFileReference; includeInIndex = 1; lastKnownFileType = text.xcconfig; name = "Pods-flixterTests.release.xcconfig"; path = "Target Support Files/Pods-flixterTests/Pods-flixterTests.release.xcconfig"; sourceTree = "<group>"; };
		556E3EC117297D7B26D2DBDB /* Pods_flixter.framework */ = {isa = PBXFileReference; explicitFileType = wrapper.framework; includeInIndex = 0; path = Pods_flixter.framework; sourceTree = BUILT_PRODUCTS_DIR; };
		55ACC52682C291EC10452F4E /* Pods-flixter.release.xcconfig */ = {isa = PBXFileReference; includeInIndex = 1; lastKnownFileType = text.xcconfig; name = "Pods-flixter.release.xcconfig"; path = "Target Support Files/Pods-flixter/Pods-flixter.release.xcconfig"; sourceTree = "<group>"; };
		600B9FED99FECFB267E962BA /* Pods_flixterTests.framework */ = {isa = PBXFileReference; explicitFileType = wrapper.framework; includeInIndex = 0; path = Pods_flixterTests.framework; sourceTree = BUILT_PRODUCTS_DIR; };
		6F9F83038F3D0C7629E89575 /* Pods_flixter_flixterUITests.framework */ = {isa = PBXFileReference; explicitFileType = wrapper.framework; includeInIndex = 0; path = Pods_flixter_flixterUITests.framework; sourceTree = BUILT_PRODUCTS_DIR; };
		74D3DC9095E1767ECFA1E429 /* Pods-flixterTests.debug.xcconfig */ = {isa = PBXFileReference; includeInIndex = 1; lastKnownFileType = text.xcconfig; name = "Pods-flixterTests.debug.xcconfig"; path = "Target Support Files/Pods-flixterTests/Pods-flixterTests.debug.xcconfig"; sourceTree = "<group>"; };
		B601142ADFF55D1E8B61E1C4 /* Pods-flixter-flixterUITests.release.xcconfig */ = {isa = PBXFileReference; includeInIndex = 1; lastKnownFileType = text.xcconfig; name = "Pods-flixter-flixterUITests.release.xcconfig"; path = "Target Support Files/Pods-flixter-flixterUITests/Pods-flixter-flixterUITests.release.xcconfig"; sourceTree = "<group>"; };
		D19D2C8A90FF7A76B36BC3AF /* Pods-flixter.debug.xcconfig */ = {isa = PBXFileReference; includeInIndex = 1; lastKnownFileType = text.xcconfig; name = "Pods-flixter.debug.xcconfig"; path = "Target Support Files/Pods-flixter/Pods-flixter.debug.xcconfig"; sourceTree = "<group>"; };
		D4971ED325CD0B1300F80173 /* flixter.app */ = {isa = PBXFileReference; explicitFileType = wrapper.application; includeInIndex = 0; path = flixter.app; sourceTree = BUILT_PRODUCTS_DIR; };
		D4971ED625CD0B1300F80173 /* AppDelegate.swift */ = {isa = PBXFileReference; lastKnownFileType = sourcecode.swift; path = AppDelegate.swift; sourceTree = "<group>"; };
		D4971ED825CD0B1300F80173 /* SceneDelegate.swift */ = {isa = PBXFileReference; lastKnownFileType = sourcecode.swift; path = SceneDelegate.swift; sourceTree = "<group>"; };
		D4971EDD25CD0B1300F80173 /* Base */ = {isa = PBXFileReference; lastKnownFileType = file.storyboard; name = Base; path = Base.lproj/Main.storyboard; sourceTree = "<group>"; };
		D4971EDF25CD0B1800F80173 /* Assets.xcassets */ = {isa = PBXFileReference; lastKnownFileType = folder.assetcatalog; path = Assets.xcassets; sourceTree = "<group>"; };
		D4971EE225CD0B1800F80173 /* Base */ = {isa = PBXFileReference; lastKnownFileType = file.storyboard; name = Base; path = Base.lproj/LaunchScreen.storyboard; sourceTree = "<group>"; };
		D4971EE425CD0B1800F80173 /* Info.plist */ = {isa = PBXFileReference; lastKnownFileType = text.plist.xml; path = Info.plist; sourceTree = "<group>"; };
		D4971EE925CD0B1900F80173 /* flixterTests.xctest */ = {isa = PBXFileReference; explicitFileType = wrapper.cfbundle; includeInIndex = 0; path = flixterTests.xctest; sourceTree = BUILT_PRODUCTS_DIR; };
		D4971EED25CD0B1900F80173 /* flixterTests.swift */ = {isa = PBXFileReference; lastKnownFileType = sourcecode.swift; path = flixterTests.swift; sourceTree = "<group>"; };
		D4971EEF25CD0B1900F80173 /* Info.plist */ = {isa = PBXFileReference; lastKnownFileType = text.plist.xml; path = Info.plist; sourceTree = "<group>"; };
		D4971EF425CD0B1900F80173 /* flixterUITests.xctest */ = {isa = PBXFileReference; explicitFileType = wrapper.cfbundle; includeInIndex = 0; path = flixterUITests.xctest; sourceTree = BUILT_PRODUCTS_DIR; };
		D4971EF825CD0B1900F80173 /* flixterUITests.swift */ = {isa = PBXFileReference; lastKnownFileType = sourcecode.swift; path = flixterUITests.swift; sourceTree = "<group>"; };
		D4971EFA25CD0B1900F80173 /* Info.plist */ = {isa = PBXFileReference; lastKnownFileType = text.plist.xml; path = Info.plist; sourceTree = "<group>"; };
		D4971F0C25CD0E6700F80173 /* MoviesViewController.swift */ = {isa = PBXFileReference; lastKnownFileType = sourcecode.swift; path = MoviesViewController.swift; sourceTree = "<group>"; };
		D4971F1125CD1D1E00F80173 /* MovieCell.swift */ = {isa = PBXFileReference; lastKnownFileType = sourcecode.swift; path = MovieCell.swift; sourceTree = "<group>"; };
/* End PBXFileReference section */

/* Begin PBXFrameworksBuildPhase section */
		D4971ED025CD0B1300F80173 /* Frameworks */ = {
			isa = PBXFrameworksBuildPhase;
			buildActionMask = 2147483647;
			files = (
				86DEA49CA89455EB6EC21BD6 /* Pods_flixter.framework in Frameworks */,
			);
			runOnlyForDeploymentPostprocessing = 0;
		};
		D4971EE625CD0B1900F80173 /* Frameworks */ = {
			isa = PBXFrameworksBuildPhase;
			buildActionMask = 2147483647;
			files = (
				6EFEB6316D9204E082A7F8A2 /* Pods_flixterTests.framework in Frameworks */,
			);
			runOnlyForDeploymentPostprocessing = 0;
		};
		D4971EF125CD0B1900F80173 /* Frameworks */ = {
			isa = PBXFrameworksBuildPhase;
			buildActionMask = 2147483647;
			files = (
				479B0156E8B72B786138B833 /* Pods_flixter_flixterUITests.framework in Frameworks */,
			);
			runOnlyForDeploymentPostprocessing = 0;
		};
/* End PBXFrameworksBuildPhase section */

/* Begin PBXGroup section */
		B925DE270B409E89DC19BDED /* Frameworks */ = {
			isa = PBXGroup;
			children = (
				556E3EC117297D7B26D2DBDB /* Pods_flixter.framework */,
				6F9F83038F3D0C7629E89575 /* Pods_flixter_flixterUITests.framework */,
				600B9FED99FECFB267E962BA /* Pods_flixterTests.framework */,
			);
			name = Frameworks;
			sourceTree = "<group>";
		};
		CBA2131E7AFF5EE0B8B203CB /* Pods */ = {
			isa = PBXGroup;
			children = (
				D19D2C8A90FF7A76B36BC3AF /* Pods-flixter.debug.xcconfig */,
				55ACC52682C291EC10452F4E /* Pods-flixter.release.xcconfig */,
				13C8F53977EAAF424CD07AE4 /* Pods-flixter-flixterUITests.debug.xcconfig */,
				B601142ADFF55D1E8B61E1C4 /* Pods-flixter-flixterUITests.release.xcconfig */,
				74D3DC9095E1767ECFA1E429 /* Pods-flixterTests.debug.xcconfig */,
				1DDF792B81A6D20D3854A08B /* Pods-flixterTests.release.xcconfig */,
			);
			name = Pods;
			path = Pods;
			sourceTree = "<group>";
		};
		D4971ECA25CD0B1300F80173 = {
			isa = PBXGroup;
			children = (
				D4971ED525CD0B1300F80173 /* flixter */,
				D4971EEC25CD0B1900F80173 /* flixterTests */,
				D4971EF725CD0B1900F80173 /* flixterUITests */,
				D4971ED425CD0B1300F80173 /* Products */,
				CBA2131E7AFF5EE0B8B203CB /* Pods */,
				B925DE270B409E89DC19BDED /* Frameworks */,
			);
			sourceTree = "<group>";
		};
		D4971ED425CD0B1300F80173 /* Products */ = {
			isa = PBXGroup;
			children = (
				D4971ED325CD0B1300F80173 /* flixter.app */,
				D4971EE925CD0B1900F80173 /* flixterTests.xctest */,
				D4971EF425CD0B1900F80173 /* flixterUITests.xctest */,
			);
			name = Products;
			sourceTree = "<group>";
		};
		D4971ED525CD0B1300F80173 /* flixter */ = {
			isa = PBXGroup;
			children = (
				D4971ED625CD0B1300F80173 /* AppDelegate.swift */,
				D4971ED825CD0B1300F80173 /* SceneDelegate.swift */,
				D4971EDC25CD0B1300F80173 /* Main.storyboard */,
				D4971F0C25CD0E6700F80173 /* MoviesViewController.swift */,
				D4971F1125CD1D1E00F80173 /* MovieCell.swift */,
				D4971EDF25CD0B1800F80173 /* Assets.xcassets */,
				D4971EE125CD0B1800F80173 /* LaunchScreen.storyboard */,
				D4971EE425CD0B1800F80173 /* Info.plist */,
			);
			path = flixter;
			sourceTree = "<group>";
		};
		D4971EEC25CD0B1900F80173 /* flixterTests */ = {
			isa = PBXGroup;
			children = (
				D4971EED25CD0B1900F80173 /* flixterTests.swift */,
				D4971EEF25CD0B1900F80173 /* Info.plist */,
			);
			path = flixterTests;
			sourceTree = "<group>";
		};
		D4971EF725CD0B1900F80173 /* flixterUITests */ = {
			isa = PBXGroup;
			children = (
				D4971EF825CD0B1900F80173 /* flixterUITests.swift */,
				D4971EFA25CD0B1900F80173 /* Info.plist */,
			);
			path = flixterUITests;
			sourceTree = "<group>";
		};
/* End PBXGroup section */

/* Begin PBXNativeTarget section */
		D4971ED225CD0B1300F80173 /* flixter */ = {
			isa = PBXNativeTarget;
			buildConfigurationList = D4971EFD25CD0B1900F80173 /* Build configuration list for PBXNativeTarget "flixter" */;
			buildPhases = (
				627EAB16C997109FBDED96E5 /* [CP] Check Pods Manifest.lock */,
				D4971ECF25CD0B1300F80173 /* Sources */,
				D4971ED025CD0B1300F80173 /* Frameworks */,
				D4971ED125CD0B1300F80173 /* Resources */,
				7299F7D975EEA62E1CE1E609 /* [CP] Embed Pods Frameworks */,
			);
			buildRules = (
			);
			dependencies = (
			);
			name = flixter;
			productName = flixter;
			productReference = D4971ED325CD0B1300F80173 /* flixter.app */;
			productType = "com.apple.product-type.application";
		};
		D4971EE825CD0B1900F80173 /* flixterTests */ = {
			isa = PBXNativeTarget;
			buildConfigurationList = D4971F0025CD0B1900F80173 /* Build configuration list for PBXNativeTarget "flixterTests" */;
			buildPhases = (
				B667C198B08D1F7D07453701 /* [CP] Check Pods Manifest.lock */,
				D4971EE525CD0B1900F80173 /* Sources */,
				D4971EE625CD0B1900F80173 /* Frameworks */,
				D4971EE725CD0B1900F80173 /* Resources */,
			);
			buildRules = (
			);
			dependencies = (
				D4971EEB25CD0B1900F80173 /* PBXTargetDependency */,
			);
			name = flixterTests;
			productName = flixterTests;
			productReference = D4971EE925CD0B1900F80173 /* flixterTests.xctest */;
			productType = "com.apple.product-type.bundle.unit-test";
		};
		D4971EF325CD0B1900F80173 /* flixterUITests */ = {
			isa = PBXNativeTarget;
			buildConfigurationList = D4971F0325CD0B1900F80173 /* Build configuration list for PBXNativeTarget "flixterUITests" */;
			buildPhases = (
				252DE7978843EA9CA67D6569 /* [CP] Check Pods Manifest.lock */,
				D4971EF025CD0B1900F80173 /* Sources */,
				D4971EF125CD0B1900F80173 /* Frameworks */,
				D4971EF225CD0B1900F80173 /* Resources */,
				405B0CD4E204002482C427EB /* [CP] Embed Pods Frameworks */,
			);
			buildRules = (
			);
			dependencies = (
				D4971EF625CD0B1900F80173 /* PBXTargetDependency */,
			);
			name = flixterUITests;
			productName = flixterUITests;
			productReference = D4971EF425CD0B1900F80173 /* flixterUITests.xctest */;
			productType = "com.apple.product-type.bundle.ui-testing";
		};
/* End PBXNativeTarget section */

/* Begin PBXProject section */
		D4971ECB25CD0B1300F80173 /* Project object */ = {
			isa = PBXProject;
			attributes = {
				LastSwiftUpdateCheck = 1240;
				LastUpgradeCheck = 1240;
				TargetAttributes = {
					D4971ED225CD0B1300F80173 = {
						CreatedOnToolsVersion = 12.4;
					};
					D4971EE825CD0B1900F80173 = {
						CreatedOnToolsVersion = 12.4;
						TestTargetID = D4971ED225CD0B1300F80173;
					};
					D4971EF325CD0B1900F80173 = {
						CreatedOnToolsVersion = 12.4;
						TestTargetID = D4971ED225CD0B1300F80173;
					};
				};
			};
			buildConfigurationList = D4971ECE25CD0B1300F80173 /* Build configuration list for PBXProject "flixter" */;
			compatibilityVersion = "Xcode 9.3";
			developmentRegion = en;
			hasScannedForEncodings = 0;
			knownRegions = (
				en,
				Base,
			);
			mainGroup = D4971ECA25CD0B1300F80173;
			productRefGroup = D4971ED425CD0B1300F80173 /* Products */;
			projectDirPath = "";
			projectRoot = "";
			targets = (
				D4971ED225CD0B1300F80173 /* flixter */,
				D4971EE825CD0B1900F80173 /* flixterTests */,
				D4971EF325CD0B1900F80173 /* flixterUITests */,
			);
		};
/* End PBXProject section */

/* Begin PBXResourcesBuildPhase section */
		D4971ED125CD0B1300F80173 /* Resources */ = {
			isa = PBXResourcesBuildPhase;
			buildActionMask = 2147483647;
			files = (
				D4971EE325CD0B1800F80173 /* LaunchScreen.storyboard in Resources */,
				D4971EE025CD0B1800F80173 /* Assets.xcassets in Resources */,
				D4971EDE25CD0B1300F80173 /* Main.storyboard in Resources */,
			);
			runOnlyForDeploymentPostprocessing = 0;
		};
		D4971EE725CD0B1900F80173 /* Resources */ = {
			isa = PBXResourcesBuildPhase;
			buildActionMask = 2147483647;
			files = (
			);
			runOnlyForDeploymentPostprocessing = 0;
		};
		D4971EF225CD0B1900F80173 /* Resources */ = {
			isa = PBXResourcesBuildPhase;
			buildActionMask = 2147483647;
			files = (
			);
			runOnlyForDeploymentPostprocessing = 0;
		};
/* End PBXResourcesBuildPhase section */

/* Begin PBXShellScriptBuildPhase section */
		252DE7978843EA9CA67D6569 /* [CP] Check Pods Manifest.lock */ = {
			isa = PBXShellScriptBuildPhase;
			buildActionMask = 2147483647;
			files = (
			);
			inputFileListPaths = (
			);
			inputPaths = (
				"${PODS_PODFILE_DIR_PATH}/Podfile.lock",
				"${PODS_ROOT}/Manifest.lock",
			);
			name = "[CP] Check Pods Manifest.lock";
			outputFileListPaths = (
			);
			outputPaths = (
				"$(DERIVED_FILE_DIR)/Pods-flixter-flixterUITests-checkManifestLockResult.txt",
			);
			runOnlyForDeploymentPostprocessing = 0;
			shellPath = /bin/sh;
			shellScript = "diff \"${PODS_PODFILE_DIR_PATH}/Podfile.lock\" \"${PODS_ROOT}/Manifest.lock\" > /dev/null\nif [ $? != 0 ] ; then\n    # print error to STDERR\n    echo \"error: The sandbox is not in sync with the Podfile.lock. Run 'pod install' or update your CocoaPods installation.\" >&2\n    exit 1\nfi\n# This output is used by Xcode 'outputs' to avoid re-running this script phase.\necho \"SUCCESS\" > \"${SCRIPT_OUTPUT_FILE_0}\"\n";
			showEnvVarsInLog = 0;
		};
		405B0CD4E204002482C427EB /* [CP] Embed Pods Frameworks */ = {
			isa = PBXShellScriptBuildPhase;
			buildActionMask = 2147483647;
			files = (
			);
			inputFileListPaths = (
				"${PODS_ROOT}/Target Support Files/Pods-flixter-flixterUITests/Pods-flixter-flixterUITests-frameworks-${CONFIGURATION}-input-files.xcfilelist",
			);
			name = "[CP] Embed Pods Frameworks";
			outputFileListPaths = (
				"${PODS_ROOT}/Target Support Files/Pods-flixter-flixterUITests/Pods-flixter-flixterUITests-frameworks-${CONFIGURATION}-output-files.xcfilelist",
			);
			runOnlyForDeploymentPostprocessing = 0;
			shellPath = /bin/sh;
			shellScript = "\"${PODS_ROOT}/Target Support Files/Pods-flixter-flixterUITests/Pods-flixter-flixterUITests-frameworks.sh\"\n";
			showEnvVarsInLog = 0;
		};
		627EAB16C997109FBDED96E5 /* [CP] Check Pods Manifest.lock */ = {
			isa = PBXShellScriptBuildPhase;
			buildActionMask = 2147483647;
			files = (
			);
			inputFileListPaths = (
			);
			inputPaths = (
				"${PODS_PODFILE_DIR_PATH}/Podfile.lock",
				"${PODS_ROOT}/Manifest.lock",
			);
			name = "[CP] Check Pods Manifest.lock";
			outputFileListPaths = (
			);
			outputPaths = (
				"$(DERIVED_FILE_DIR)/Pods-flixter-checkManifestLockResult.txt",
			);
			runOnlyForDeploymentPostprocessing = 0;
			shellPath = /bin/sh;
			shellScript = "diff \"${PODS_PODFILE_DIR_PATH}/Podfile.lock\" \"${PODS_ROOT}/Manifest.lock\" > /dev/null\nif [ $? != 0 ] ; then\n    # print error to STDERR\n    echo \"error: The sandbox is not in sync with the Podfile.lock. Run 'pod install' or update your CocoaPods installation.\" >&2\n    exit 1\nfi\n# This output is used by Xcode 'outputs' to avoid re-running this script phase.\necho \"SUCCESS\" > \"${SCRIPT_OUTPUT_FILE_0}\"\n";
			showEnvVarsInLog = 0;
		};
		7299F7D975EEA62E1CE1E609 /* [CP] Embed Pods Frameworks */ = {
			isa = PBXShellScriptBuildPhase;
			buildActionMask = 2147483647;
			files = (
			);
			inputFileListPaths = (
				"${PODS_ROOT}/Target Support Files/Pods-flixter/Pods-flixter-frameworks-${CONFIGURATION}-input-files.xcfilelist",
			);
			name = "[CP] Embed Pods Frameworks";
			outputFileListPaths = (
				"${PODS_ROOT}/Target Support Files/Pods-flixter/Pods-flixter-frameworks-${CONFIGURATION}-output-files.xcfilelist",
			);
			runOnlyForDeploymentPostprocessing = 0;
			shellPath = /bin/sh;
			shellScript = "\"${PODS_ROOT}/Target Support Files/Pods-flixter/Pods-flixter-frameworks.sh\"\n";
			showEnvVarsInLog = 0;
		};
		B667C198B08D1F7D07453701 /* [CP] Check Pods Manifest.lock */ = {
			isa = PBXShellScriptBuildPhase;
			buildActionMask = 2147483647;
			files = (
			);
			inputFileListPaths = (
			);
			inputPaths = (
				"${PODS_PODFILE_DIR_PATH}/Podfile.lock",
				"${PODS_ROOT}/Manifest.lock",
			);
			name = "[CP] Check Pods Manifest.lock";
			outputFileListPaths = (
			);
			outputPaths = (
				"$(DERIVED_FILE_DIR)/Pods-flixterTests-checkManifestLockResult.txt",
			);
			runOnlyForDeploymentPostprocessing = 0;
			shellPath = /bin/sh;
			shellScript = "diff \"${PODS_PODFILE_DIR_PATH}/Podfile.lock\" \"${PODS_ROOT}/Manifest.lock\" > /dev/null\nif [ $? != 0 ] ; then\n    # print error to STDERR\n    echo \"error: The sandbox is not in sync with the Podfile.lock. Run 'pod install' or update your CocoaPods installation.\" >&2\n    exit 1\nfi\n# This output is used by Xcode 'outputs' to avoid re-running this script phase.\necho \"SUCCESS\" > \"${SCRIPT_OUTPUT_FILE_0}\"\n";
			showEnvVarsInLog = 0;
		};
/* End PBXShellScriptBuildPhase section */

/* Begin PBXSourcesBuildPhase section */
		D4971ECF25CD0B1300F80173 /* Sources */ = {
			isa = PBXSourcesBuildPhase;
			buildActionMask = 2147483647;
			files = (
				D4971ED725CD0B1300F80173 /* AppDelegate.swift in Sources */,
				D4971ED925CD0B1300F80173 /* SceneDelegate.swift in Sources */,
				D4971F1225CD1D1E00F80173 /* MovieCell.swift in Sources */,
				D4971F0D25CD0E6700F80173 /* MoviesViewController.swift in Sources */,
			);
			runOnlyForDeploymentPostprocessing = 0;
		};
		D4971EE525CD0B1900F80173 /* Sources */ = {
			isa = PBXSourcesBuildPhase;
			buildActionMask = 2147483647;
			files = (
				D4971EEE25CD0B1900F80173 /* flixterTests.swift in Sources */,
			);
			runOnlyForDeploymentPostprocessing = 0;
		};
		D4971EF025CD0B1900F80173 /* Sources */ = {
			isa = PBXSourcesBuildPhase;
			buildActionMask = 2147483647;
			files = (
				D4971EF925CD0B1900F80173 /* flixterUITests.swift in Sources */,
			);
			runOnlyForDeploymentPostprocessing = 0;
		};
/* End PBXSourcesBuildPhase section */

/* Begin PBXTargetDependency section */
		D4971EEB25CD0B1900F80173 /* PBXTargetDependency */ = {
			isa = PBXTargetDependency;
			target = D4971ED225CD0B1300F80173 /* flixter */;
			targetProxy = D4971EEA25CD0B1900F80173 /* PBXContainerItemProxy */;
		};
		D4971EF625CD0B1900F80173 /* PBXTargetDependency */ = {
			isa = PBXTargetDependency;
			target = D4971ED225CD0B1300F80173 /* flixter */;
			targetProxy = D4971EF525CD0B1900F80173 /* PBXContainerItemProxy */;
		};
/* End PBXTargetDependency section */

/* Begin PBXVariantGroup section */
		D4971EDC25CD0B1300F80173 /* Main.storyboard */ = {
			isa = PBXVariantGroup;
			children = (
				D4971EDD25CD0B1300F80173 /* Base */,
			);
			name = Main.storyboard;
			sourceTree = "<group>";
		};
		D4971EE125CD0B1800F80173 /* LaunchScreen.storyboard */ = {
			isa = PBXVariantGroup;
			children = (
				D4971EE225CD0B1800F80173 /* Base */,
			);
			name = LaunchScreen.storyboard;
			sourceTree = "<group>";
		};
/* End PBXVariantGroup section */

/* Begin XCBuildConfiguration section */
		D4971EFB25CD0B1900F80173 /* Debug */ = {
			isa = XCBuildConfiguration;
			buildSettings = {
				ALWAYS_SEARCH_USER_PATHS = NO;
				CLANG_ANALYZER_NONNULL = YES;
				CLANG_ANALYZER_NUMBER_OBJECT_CONVERSION = YES_AGGRESSIVE;
				CLANG_CXX_LANGUAGE_STANDARD = "gnu++14";
				CLANG_CXX_LIBRARY = "libc++";
				CLANG_ENABLE_MODULES = YES;
				CLANG_ENABLE_OBJC_ARC = YES;
				CLANG_ENABLE_OBJC_WEAK = YES;
				CLANG_WARN_BLOCK_CAPTURE_AUTORELEASING = YES;
				CLANG_WARN_BOOL_CONVERSION = YES;
				CLANG_WARN_COMMA = YES;
				CLANG_WARN_CONSTANT_CONVERSION = YES;
				CLANG_WARN_DEPRECATED_OBJC_IMPLEMENTATIONS = YES;
				CLANG_WARN_DIRECT_OBJC_ISA_USAGE = YES_ERROR;
				CLANG_WARN_DOCUMENTATION_COMMENTS = YES;
				CLANG_WARN_EMPTY_BODY = YES;
				CLANG_WARN_ENUM_CONVERSION = YES;
				CLANG_WARN_INFINITE_RECURSION = YES;
				CLANG_WARN_INT_CONVERSION = YES;
				CLANG_WARN_NON_LITERAL_NULL_CONVERSION = YES;
				CLANG_WARN_OBJC_IMPLICIT_RETAIN_SELF = YES;
				CLANG_WARN_OBJC_LITERAL_CONVERSION = YES;
				CLANG_WARN_OBJC_ROOT_CLASS = YES_ERROR;
				CLANG_WARN_QUOTED_INCLUDE_IN_FRAMEWORK_HEADER = YES;
				CLANG_WARN_RANGE_LOOP_ANALYSIS = YES;
				CLANG_WARN_STRICT_PROTOTYPES = YES;
				CLANG_WARN_SUSPICIOUS_MOVE = YES;
				CLANG_WARN_UNGUARDED_AVAILABILITY = YES_AGGRESSIVE;
				CLANG_WARN_UNREACHABLE_CODE = YES;
				CLANG_WARN__DUPLICATE_METHOD_MATCH = YES;
				COPY_PHASE_STRIP = NO;
				DEBUG_INFORMATION_FORMAT = dwarf;
				ENABLE_STRICT_OBJC_MSGSEND = YES;
				ENABLE_TESTABILITY = YES;
				GCC_C_LANGUAGE_STANDARD = gnu11;
				GCC_DYNAMIC_NO_PIC = NO;
				GCC_NO_COMMON_BLOCKS = YES;
				GCC_OPTIMIZATION_LEVEL = 0;
				GCC_PREPROCESSOR_DEFINITIONS = (
					"DEBUG=1",
					"$(inherited)",
				);
				GCC_WARN_64_TO_32_BIT_CONVERSION = YES;
				GCC_WARN_ABOUT_RETURN_TYPE = YES_ERROR;
				GCC_WARN_UNDECLARED_SELECTOR = YES;
				GCC_WARN_UNINITIALIZED_AUTOS = YES_AGGRESSIVE;
				GCC_WARN_UNUSED_FUNCTION = YES;
				GCC_WARN_UNUSED_VARIABLE = YES;
				IPHONEOS_DEPLOYMENT_TARGET = 14.4;
				MTL_ENABLE_DEBUG_INFO = INCLUDE_SOURCE;
				MTL_FAST_MATH = YES;
				ONLY_ACTIVE_ARCH = YES;
				SDKROOT = iphoneos;
				SWIFT_ACTIVE_COMPILATION_CONDITIONS = DEBUG;
				SWIFT_OPTIMIZATION_LEVEL = "-Onone";
			};
			name = Debug;
		};
		D4971EFC25CD0B1900F80173 /* Release */ = {
			isa = XCBuildConfiguration;
			buildSettings = {
				ALWAYS_SEARCH_USER_PATHS = NO;
				CLANG_ANALYZER_NONNULL = YES;
				CLANG_ANALYZER_NUMBER_OBJECT_CONVERSION = YES_AGGRESSIVE;
				CLANG_CXX_LANGUAGE_STANDARD = "gnu++14";
				CLANG_CXX_LIBRARY = "libc++";
				CLANG_ENABLE_MODULES = YES;
				CLANG_ENABLE_OBJC_ARC = YES;
				CLANG_ENABLE_OBJC_WEAK = YES;
				CLANG_WARN_BLOCK_CAPTURE_AUTORELEASING = YES;
				CLANG_WARN_BOOL_CONVERSION = YES;
				CLANG_WARN_COMMA = YES;
				CLANG_WARN_CONSTANT_CONVERSION = YES;
				CLANG_WARN_DEPRECATED_OBJC_IMPLEMENTATIONS = YES;
				CLANG_WARN_DIRECT_OBJC_ISA_USAGE = YES_ERROR;
				CLANG_WARN_DOCUMENTATION_COMMENTS = YES;
				CLANG_WARN_EMPTY_BODY = YES;
				CLANG_WARN_ENUM_CONVERSION = YES;
				CLANG_WARN_INFINITE_RECURSION = YES;
				CLANG_WARN_INT_CONVERSION = YES;
				CLANG_WARN_NON_LITERAL_NULL_CONVERSION = YES;
				CLANG_WARN_OBJC_IMPLICIT_RETAIN_SELF = YES;
				CLANG_WARN_OBJC_LITERAL_CONVERSION = YES;
				CLANG_WARN_OBJC_ROOT_CLASS = YES_ERROR;
				CLANG_WARN_QUOTED_INCLUDE_IN_FRAMEWORK_HEADER = YES;
				CLANG_WARN_RANGE_LOOP_ANALYSIS = YES;
				CLANG_WARN_STRICT_PROTOTYPES = YES;
				CLANG_WARN_SUSPICIOUS_MOVE = YES;
				CLANG_WARN_UNGUARDED_AVAILABILITY = YES_AGGRESSIVE;
				CLANG_WARN_UNREACHABLE_CODE = YES;
				CLANG_WARN__DUPLICATE_METHOD_MATCH = YES;
				COPY_PHASE_STRIP = NO;
				DEBUG_INFORMATION_FORMAT = "dwarf-with-dsym";
				ENABLE_NS_ASSERTIONS = NO;
				ENABLE_STRICT_OBJC_MSGSEND = YES;
				GCC_C_LANGUAGE_STANDARD = gnu11;
				GCC_NO_COMMON_BLOCKS = YES;
				GCC_WARN_64_TO_32_BIT_CONVERSION = YES;
				GCC_WARN_ABOUT_RETURN_TYPE = YES_ERROR;
				GCC_WARN_UNDECLARED_SELECTOR = YES;
				GCC_WARN_UNINITIALIZED_AUTOS = YES_AGGRESSIVE;
				GCC_WARN_UNUSED_FUNCTION = YES;
				GCC_WARN_UNUSED_VARIABLE = YES;
				IPHONEOS_DEPLOYMENT_TARGET = 14.4;
				MTL_ENABLE_DEBUG_INFO = NO;
				MTL_FAST_MATH = YES;
				SDKROOT = iphoneos;
				SWIFT_COMPILATION_MODE = wholemodule;
				SWIFT_OPTIMIZATION_LEVEL = "-O";
				VALIDATE_PRODUCT = YES;
			};
			name = Release;
		};
		D4971EFE25CD0B1900F80173 /* Debug */ = {
			isa = XCBuildConfiguration;
			baseConfigurationReference = D19D2C8A90FF7A76B36BC3AF /* Pods-flixter.debug.xcconfig */;
			buildSettings = {
				ASSETCATALOG_COMPILER_APPICON_NAME = AppIcon;
				ASSETCATALOG_COMPILER_GLOBAL_ACCENT_COLOR_NAME = AccentColor;
				CODE_SIGN_STYLE = Automatic;
				DEVELOPMENT_TEAM = 6372HGMF4H;
				INFOPLIST_FILE = flixter/Info.plist;
				LD_RUNPATH_SEARCH_PATHS = (
					"$(inherited)",
					"@executable_path/Frameworks",
				);
				PRODUCT_BUNDLE_IDENTIFIER = letsmakeaworld.flixter;
				PRODUCT_NAME = "$(TARGET_NAME)";
				SWIFT_VERSION = 5.0;
				TARGETED_DEVICE_FAMILY = "1,2";
			};
			name = Debug;
		};
		D4971EFF25CD0B1900F80173 /* Release */ = {
			isa = XCBuildConfiguration;
			baseConfigurationReference = 55ACC52682C291EC10452F4E /* Pods-flixter.release.xcconfig */;
			buildSettings = {
				ASSETCATALOG_COMPILER_APPICON_NAME = AppIcon;
				ASSETCATALOG_COMPILER_GLOBAL_ACCENT_COLOR_NAME = AccentColor;
				CODE_SIGN_STYLE = Automatic;
				DEVELOPMENT_TEAM = 6372HGMF4H;
				INFOPLIST_FILE = flixter/Info.plist;
				LD_RUNPATH_SEARCH_PATHS = (
					"$(inherited)",
					"@executable_path/Frameworks",
				);
				PRODUCT_BUNDLE_IDENTIFIER = letsmakeaworld.flixter;
				PRODUCT_NAME = "$(TARGET_NAME)";
				SWIFT_VERSION = 5.0;
				TARGETED_DEVICE_FAMILY = "1,2";
			};
			name = Release;
		};
		D4971F0125CD0B1900F80173 /* Debug */ = {
			isa = XCBuildConfiguration;
			baseConfigurationReference = 74D3DC9095E1767ECFA1E429 /* Pods-flixterTests.debug.xcconfig */;
			buildSettings = {
				ALWAYS_EMBED_SWIFT_STANDARD_LIBRARIES = YES;
				BUNDLE_LOADER = "$(TEST_HOST)";
				CODE_SIGN_STYLE = Automatic;
				DEVELOPMENT_TEAM = 6372HGMF4H;
				INFOPLIST_FILE = flixterTests/Info.plist;
				IPHONEOS_DEPLOYMENT_TARGET = 14.4;
				LD_RUNPATH_SEARCH_PATHS = (
					"$(inherited)",
					"@executable_path/Frameworks",
					"@loader_path/Frameworks",
				);
				PRODUCT_BUNDLE_IDENTIFIER = letsmakeaworld.flixterTests;
				PRODUCT_NAME = "$(TARGET_NAME)";
				SWIFT_VERSION = 5.0;
				TARGETED_DEVICE_FAMILY = "1,2";
				TEST_HOST = "$(BUILT_PRODUCTS_DIR)/flixter.app/flixter";
			};
			name = Debug;
		};
		D4971F0225CD0B1900F80173 /* Release */ = {
			isa = XCBuildConfiguration;
			baseConfigurationReference = 1DDF792B81A6D20D3854A08B /* Pods-flixterTests.release.xcconfig */;
			buildSettings = {
				ALWAYS_EMBED_SWIFT_STANDARD_LIBRARIES = YES;
				BUNDLE_LOADER = "$(TEST_HOST)";
				CODE_SIGN_STYLE = Automatic;
				DEVELOPMENT_TEAM = 6372HGMF4H;
				INFOPLIST_FILE = flixterTests/Info.plist;
				IPHONEOS_DEPLOYMENT_TARGET = 14.4;
				LD_RUNPATH_SEARCH_PATHS = (
					"$(inherited)",
					"@executable_path/Frameworks",
					"@loader_path/Frameworks",
				);
				PRODUCT_BUNDLE_IDENTIFIER = letsmakeaworld.flixterTests;
				PRODUCT_NAME = "$(TARGET_NAME)";
				SWIFT_VERSION = 5.0;
				TARGETED_DEVICE_FAMILY = "1,2";
				TEST_HOST = "$(BUILT_PRODUCTS_DIR)/flixter.app/flixter";
			};
			name = Release;
		};
		D4971F0425CD0B1900F80173 /* Debug */ = {
			isa = XCBuildConfiguration;
			baseConfigurationReference = 13C8F53977EAAF424CD07AE4 /* Pods-flixter-flixterUITests.debug.xcconfig */;
			buildSettings = {
				ALWAYS_EMBED_SWIFT_STANDARD_LIBRARIES = YES;
				CODE_SIGN_STYLE = Automatic;
				DEVELOPMENT_TEAM = 6372HGMF4H;
				INFOPLIST_FILE = flixterUITests/Info.plist;
				LD_RUNPATH_SEARCH_PATHS = (
					"$(inherited)",
					"@executable_path/Frameworks",
					"@loader_path/Frameworks",
				);
				PRODUCT_BUNDLE_IDENTIFIER = letsmakeaworld.flixterUITests;
				PRODUCT_NAME = "$(TARGET_NAME)";
				SWIFT_VERSION = 5.0;
				TARGETED_DEVICE_FAMILY = "1,2";
				TEST_TARGET_NAME = flixter;
			};
			name = Debug;
		};
		D4971F0525CD0B1900F80173 /* Release */ = {
			isa = XCBuildConfiguration;
			baseConfigurationReference = B601142ADFF55D1E8B61E1C4 /* Pods-flixter-flixterUITests.release.xcconfig */;
			buildSettings = {
				ALWAYS_EMBED_SWIFT_STANDARD_LIBRARIES = YES;
				CODE_SIGN_STYLE = Automatic;
				DEVELOPMENT_TEAM = 6372HGMF4H;
				INFOPLIST_FILE = flixterUITests/Info.plist;
				LD_RUNPATH_SEARCH_PATHS = (
					"$(inherited)",
					"@executable_path/Frameworks",
					"@loader_path/Frameworks",
				);
				PRODUCT_BUNDLE_IDENTIFIER = letsmakeaworld.flixterUITests;
				PRODUCT_NAME = "$(TARGET_NAME)";
				SWIFT_VERSION = 5.0;
				TARGETED_DEVICE_FAMILY = "1,2";
				TEST_TARGET_NAME = flixter;
			};
			name = Release;
		};
/* End XCBuildConfiguration section */

/* Begin XCConfigurationList section */
		D4971ECE25CD0B1300F80173 /* Build configuration list for PBXProject "flixter" */ = {
			isa = XCConfigurationList;
			buildConfigurations = (
				D4971EFB25CD0B1900F80173 /* Debug */,
				D4971EFC25CD0B1900F80173 /* Release */,
			);
			defaultConfigurationIsVisible = 0;
			defaultConfigurationName = Release;
		};
		D4971EFD25CD0B1900F80173 /* Build configuration list for PBXNativeTarget "flixter" */ = {
			isa = XCConfigurationList;
			buildConfigurations = (
				D4971EFE25CD0B1900F80173 /* Debug */,
				D4971EFF25CD0B1900F80173 /* Release */,
			);
			defaultConfigurationIsVisible = 0;
			defaultConfigurationName = Release;
		};
		D4971F0025CD0B1900F80173 /* Build configuration list for PBXNativeTarget "flixterTests" */ = {
			isa = XCConfigurationList;
			buildConfigurations = (
				D4971F0125CD0B1900F80173 /* Debug */,
				D4971F0225CD0B1900F80173 /* Release */,
			);
			defaultConfigurationIsVisible = 0;
			defaultConfigurationName = Release;
		};
		D4971F0325CD0B1900F80173 /* Build configuration list for PBXNativeTarget "flixterUITests" */ = {
			isa = XCConfigurationList;
			buildConfigurations = (
				D4971F0425CD0B1900F80173 /* Debug */,
				D4971F0525CD0B1900F80173 /* Release */,
			);
			defaultConfigurationIsVisible = 0;
			defaultConfigurationName = Release;
		};
/* End XCConfigurationList section */
	};
	rootObject = D4971ECB25CD0B1300F80173 /* Project object */;
}
